<?xml version="1.0" encoding="utf-8"?>
<Project ToolsVersion="4.0" xmlns="http://schemas.microsoft.com/developer/msbuild/2003">
  <ItemGroup>
    <Filter Include="Source Files">
      <UniqueIdentifier>{4FC737F1-C7A5-4376-A066-2A32D752A2FF}</UniqueIdentifier>
      <Extensions>cpp;c;cc;cxx;def;odl;idl;hpj;bat;asm;asmx</Extensions>
    </Filter>
    <Filter Include="Resource Files">
      <UniqueIdentifier>{67DA6AB6-F800-4c08-8B7A-83BB121AAD01}</UniqueIdentifier>
      <Extensions>rc;ico;cur;bmp;dlg;rc2;rct;bin;rgs;gif;jpg;jpeg;jpe;resx;tiff;tif;png;wav;mfcribbon-ms</Extensions>
    </Filter>
    <Filter Include="UT Library">
      <UniqueIdentifier>{93995380-89BD-4b04-88EB-625FBE52EBFB}</UniqueIdentifier>
      <Extensions>h;hh;hpp;hxx;hm;inl;inc;ipp;xsd</Extensions>
    </Filter>
    <Filter Include="Source Files\Objects">
      <UniqueIdentifier>{be8585c5-1bd3-4086-8968-7676495db067}</UniqueIdentifier>
    </Filter>
    <Filter Include="Source Files\Objects\Floor">
      <UniqueIdentifier>{4752e2b7-2a1f-47ee-8358-b30c18865257}</UniqueIdentifier>
    </Filter>
    <Filter Include="Source Files\Objects\Fourier">
      <UniqueIdentifier>{5feaa7e2-859f-460f-922f-683878a6a52a}</UniqueIdentifier>
    </Filter>
    <Filter Include="Source Files\Passes">
      <UniqueIdentifier>{2ac7ea10-6f1e-4b5b-ba34-7385d17578ca}</UniqueIdentifier>
    </Filter>
    <Filter Include="Source Files\Passes\Screen">
      <UniqueIdentifier>{1c99af08-a505-40dd-af74-3fae634c97ca}</UniqueIdentifier>
    </Filter>
    <Filter Include="Source Files\Passes\SSR">
      <UniqueIdentifier>{9c5b9974-1505-4459-9ee8-4c90c940bd3b}</UniqueIdentifier>
    </Filter>
    <Filter Include="Source Files\Passes\SSAO">
      <UniqueIdentifier>{b9eb2201-c85e-4b51-9140-b5f0cf13a126}</UniqueIdentifier>
    </Filter>
  </ItemGroup>
  <ItemGroup>
    <ClCompile Include="main.cpp">
      <Filter>Source Files</Filter>
    </ClCompile>
    <ClCompile Include="render_pass.cc">
      <Filter>Resource Files</Filter>
    </ClCompile>
    <ClCompile Include="shader_uniform.cc">
      <Filter>Resource Files</Filter>
    </ClCompile>
    <ClCompile Include="glSetups.cpp">
      <Filter>Resource Files</Filter>
    </ClCompile>
    <ClCompile Include="..\lib\utgraphicsutil\debuggl.cc">
      <Filter>UT Library</Filter>
    </ClCompile>
    <ClCompile Include="..\lib\utgraphicsutil\jpegio.cc">
      <Filter>UT Library</Filter>
    </ClCompile>
    <ClCompile Include="discord.cpp">
      <Filter>Resource Files</Filter>
    </ClCompile>
    <ClCompile Include="Player.cpp">
      <Filter>Source Files</Filter>
    </ClCompile>
    <ClCompile Include="SDLInit.cpp">
      <Filter>Source Files</Filter>
    </ClCompile>
    <ClCompile Include="World.cpp">
      <Filter>Source Files\Objects</Filter>
    </ClCompile>
    <ClCompile Include="Screen.cpp">
      <Filter>Source Files\Passes\Screen</Filter>
    </ClCompile>
    <ClCompile Include="Floor.cpp">
      <Filter>Source Files\Objects\Floor</Filter>
    </ClCompile>
    <ClCompile Include="FFT.cpp">
      <Filter>Source Files\Objects\Fourier</Filter>
    </ClCompile>
    <ClCompile Include="Fourier.cpp">
      <Filter>Source Files\Objects\Fourier</Filter>
    </ClCompile>
    <ClCompile Include="SSR.cpp">
      <Filter>Source Files\Passes\SSR</Filter>
    </ClCompile>
    <ClCompile Include="SSAO.cpp">
      <Filter>Source Files\Passes\SSAO</Filter>
    </ClCompile>
  </ItemGroup>
  <ItemGroup>
    <None Include="SDL2.dll">
      <Filter>Resource Files</Filter>
    </None>
    <None Include="packages.config" />
    <None Include="screen.frag">
      <Filter>Source Files\Passes\Screen</Filter>
    </None>
    <None Include="screen.vert">
      <Filter>Source Files\Passes\Screen</Filter>
    </None>
    <None Include="floor.vert">
      <Filter>Source Files\Objects\Floor</Filter>
    </None>
    <None Include="floor.geom">
      <Filter>Source Files\Objects\Floor</Filter>
    </None>
    <None Include="floor.frag">
      <Filter>Source Files\Objects\Floor</Filter>
    </None>
    <None Include="fourier.frag">
      <Filter>Source Files\Objects\Fourier</Filter>
    </None>
    <None Include="fourier.geom">
      <Filter>Source Files\Objects\Fourier</Filter>
    </None>
    <None Include="fourier.vert">
      <Filter>Source Files\Objects\Fourier</Filter>
    </None>
    <None Include="ssr.frag">
      <Filter>Source Files\Passes\SSR</Filter>
    </None>
    <None Include="ssao.frag">
      <Filter>Source Files\Passes\SSAO</Filter>
    </None>
  </ItemGroup>
  <ItemGroup>
    <ClInclude Include="render_pass.h">
      <Filter>Resource Files</Filter>
    </ClInclude>
    <ClInclude Include="shader_uniform.h">
      <Filter>Resource Files</Filter>
    </ClInclude>
    <ClInclude Include="glSetups.h">
      <Filter>Resource Files</Filter>
    </ClInclude>
    <ClInclude Include="SDLInit.h">
      <Filter>Source Files</Filter>
    </ClInclude>
    <ClInclude Include="..\lib\utgraphicsutil\portable_gl.h">
      <Filter>UT Library</Filter>
    </ClInclude>
    <ClInclude Include="..\lib\utgraphicsutil\debuggl.h">
      <Filter>UT Library</Filter>
    </ClInclude>
    <ClInclude Include="..\lib\utgraphicsutil\image.h">
      <Filter>UT Library</Filter>
    </ClInclude>
    <ClInclude Include="..\lib\utgraphicsutil\jpegio.h">
      <Filter>UT Library</Filter>
    </ClInclude>
    <ClInclude Include="..\lib\utgraphicsutil\material.h">
      <Filter>UT Library</Filter>
    </ClInclude>
    <ClInclude Include="Player.h">
      <Filter>Source Files</Filter>
    </ClInclude>
    <ClInclude Include="Objects.h">
      <Filter>Source Files\Objects</Filter>
    </ClInclude>
    <ClInclude Include="World.h">
      <Filter>Source Files\Objects</Filter>
    </ClInclude>
    <ClInclude Include="Screen.h">
      <Filter>Source Files\Passes\Screen</Filter>
    </ClInclude>
    <ClInclude Include="Floor.h">
      <Filter>Source Files\Objects\Floor</Filter>
    </ClInclude>
    <ClInclude Include="FFT.h">
      <Filter>Source Files\Objects\Fourier</Filter>
    </ClInclude>
    <ClInclude Include="Fourier.h">
      <Filter>Source Files\Objects\Fourier</Filter>
    </ClInclude>
    <ClInclude Include="SSR.h">
      <Filter>Source Files\Passes\SSR</Filter>
    </ClInclude>
    <ClInclude Include="SSAO.h">
      <Filter>Source Files\Passes\SSAO</Filter>
    </ClInclude>
  </ItemGroup>
</Project>